// !$*UTF8*$!
{
	archiveVersion = 1;
	classes = {
	};
	objectVersion = 56;
	objects = {

/* Begin PBXBuildFile section */
		02F4A551C56FC2AFBED255D2 /* Pods_AlcoTracker_AlcoTrackerUITests.framework in Frameworks */ = {isa = PBXBuildFile; fileRef = B5E1A0A1C625D057669ED538 /* Pods_AlcoTracker_AlcoTrackerUITests.framework */; };
		24C2E716FA72FB1957A9005B /* Pods_AlcoTrackerTests.framework in Frameworks */ = {isa = PBXBuildFile; fileRef = 699C07F073EA6D8EF9F0DC0F /* Pods_AlcoTrackerTests.framework */; };
		44C3EF6D3C3D7BE81E96D978 /* Pods_AlcoTracker.framework in Frameworks */ = {isa = PBXBuildFile; fileRef = 414755D13B4CD3C5B9DC6BB8 /* Pods_AlcoTracker.framework */; };
		E724E2F92AA46296009A8B4B /* OnboardingPageContentViewController.swift in Sources */ = {isa = PBXBuildFile; fileRef = E724E2F82AA46296009A8B4B /* OnboardingPageContentViewController.swift */; };
		E724E2FC2AA4636E009A8B4B /* PageViewContent.swift in Sources */ = {isa = PBXBuildFile; fileRef = E724E2FB2AA4636E009A8B4B /* PageViewContent.swift */; };
		E724E2FF2AA4761E009A8B4B /* UIPageViewController.swift in Sources */ = {isa = PBXBuildFile; fileRef = E724E2FE2AA4761E009A8B4B /* UIPageViewController.swift */; };
		E724E3012AA47D13009A8B4B /* OnboardingPageViewController.swift in Sources */ = {isa = PBXBuildFile; fileRef = E724E3002AA47D13009A8B4B /* OnboardingPageViewController.swift */; };
		E75AF23A2AA49E98002A2BE0 /* R.generated.swift in Sources */ = {isa = PBXBuildFile; fileRef = E75AF2392AA49E98002A2BE0 /* R.generated.swift */; };
		E75AF24C2AA4ADB0002A2BE0 /* Mulish-Black.ttf in Resources */ = {isa = PBXBuildFile; fileRef = E75AF2492AA4AD88002A2BE0 /* Mulish-Black.ttf */; };
		E75AF24D2AA4ADB3002A2BE0 /* Mulish-BlackItalic.ttf in Resources */ = {isa = PBXBuildFile; fileRef = E75AF24A2AA4AD88002A2BE0 /* Mulish-BlackItalic.ttf */; };
		E75AF24E2AA4ADBD002A2BE0 /* Mulish-ExtraBold.ttf in Resources */ = {isa = PBXBuildFile; fileRef = E75AF24B2AA4AD88002A2BE0 /* Mulish-ExtraBold.ttf */; };
		E75AF24F2AA4ADBD002A2BE0 /* Mulish-Bold.ttf in Resources */ = {isa = PBXBuildFile; fileRef = E75AF2452AA4AD87002A2BE0 /* Mulish-Bold.ttf */; };
		E75AF2502AA4ADBD002A2BE0 /* Mulish-Regular.ttf in Resources */ = {isa = PBXBuildFile; fileRef = E75AF2402AA4AD87002A2BE0 /* Mulish-Regular.ttf */; };
		E75AF2512AA4ADBD002A2BE0 /* Mulish-SemiBold.ttf in Resources */ = {isa = PBXBuildFile; fileRef = E75AF2472AA4AD88002A2BE0 /* Mulish-SemiBold.ttf */; };
		E75AF2522AA4ADBD002A2BE0 /* Mulish-Medium.ttf in Resources */ = {isa = PBXBuildFile; fileRef = E75AF2412AA4AD87002A2BE0 /* Mulish-Medium.ttf */; };
		E75AF2532AA4ADBD002A2BE0 /* Mulish-ExtraLight.ttf in Resources */ = {isa = PBXBuildFile; fileRef = E75AF23C2AA4AD87002A2BE0 /* Mulish-ExtraLight.ttf */; };
		E75AF2542AA4ADBD002A2BE0 /* Mulish-SemiBoldItalic.ttf in Resources */ = {isa = PBXBuildFile; fileRef = E75AF2482AA4AD88002A2BE0 /* Mulish-SemiBoldItalic.ttf */; };
		E75AF2552AA4ADBD002A2BE0 /* Mulish-ExtraBoldItalic.ttf in Resources */ = {isa = PBXBuildFile; fileRef = E75AF2462AA4AD87002A2BE0 /* Mulish-ExtraBoldItalic.ttf */; };
		E75AF2562AA4ADBD002A2BE0 /* Mulish-LightItalic.ttf in Resources */ = {isa = PBXBuildFile; fileRef = E75AF23F2AA4AD87002A2BE0 /* Mulish-LightItalic.ttf */; };
		E75AF2572AA4ADBD002A2BE0 /* Mulish-MediumItalic.ttf in Resources */ = {isa = PBXBuildFile; fileRef = E75AF2422AA4AD87002A2BE0 /* Mulish-MediumItalic.ttf */; };
		E75AF2582AA4ADBD002A2BE0 /* Mulish-ExtraLightItalic.ttf in Resources */ = {isa = PBXBuildFile; fileRef = E75AF23D2AA4AD87002A2BE0 /* Mulish-ExtraLightItalic.ttf */; };
		E75AF2592AA4ADBD002A2BE0 /* Mulish-Light.ttf in Resources */ = {isa = PBXBuildFile; fileRef = E75AF2442AA4AD87002A2BE0 /* Mulish-Light.ttf */; };
		E75AF25A2AA4ADBD002A2BE0 /* Mulish-Italic.ttf in Resources */ = {isa = PBXBuildFile; fileRef = E75AF23E2AA4AD87002A2BE0 /* Mulish-Italic.ttf */; };
		E75AF25B2AA4ADBD002A2BE0 /* Mulish-BoldItalic.ttf in Resources */ = {isa = PBXBuildFile; fileRef = E75AF2432AA4AD87002A2BE0 /* Mulish-BoldItalic.ttf */; };
		E75AF25D2AA4AF45002A2BE0 /* R.generated.swift in Sources */ = {isa = PBXBuildFile; fileRef = E75AF25C2AA4AF45002A2BE0 /* R.generated.swift */; };
		E77788852AA6335D006DEC33 /* Constants.swift in Sources */ = {isa = PBXBuildFile; fileRef = E77788842AA6335D006DEC33 /* Constants.swift */; };
		E78291212AA3750700AE9BEE /* AppDelegate.swift in Sources */ = {isa = PBXBuildFile; fileRef = E78291202AA3750700AE9BEE /* AppDelegate.swift */; };
		E78291232AA3750700AE9BEE /* SceneDelegate.swift in Sources */ = {isa = PBXBuildFile; fileRef = E78291222AA3750700AE9BEE /* SceneDelegate.swift */; };
		E78291252AA3750700AE9BEE /* TabViewController.swift in Sources */ = {isa = PBXBuildFile; fileRef = E78291242AA3750700AE9BEE /* TabViewController.swift */; };
		E782912A2AA3750800AE9BEE /* Assets.xcassets in Resources */ = {isa = PBXBuildFile; fileRef = E78291292AA3750800AE9BEE /* Assets.xcassets */; };
		E782912D2AA3750800AE9BEE /* LaunchScreen.storyboard in Resources */ = {isa = PBXBuildFile; fileRef = E782912B2AA3750800AE9BEE /* LaunchScreen.storyboard */; };
		E78291382AA3750800AE9BEE /* AlcoTrackerTests.swift in Sources */ = {isa = PBXBuildFile; fileRef = E78291372AA3750800AE9BEE /* AlcoTrackerTests.swift */; };
		E78291422AA3750800AE9BEE /* AlcoTrackerUITests.swift in Sources */ = {isa = PBXBuildFile; fileRef = E78291412AA3750800AE9BEE /* AlcoTrackerUITests.swift */; };
		E78291442AA3750800AE9BEE /* AlcoTrackerUITestsLaunchTests.swift in Sources */ = {isa = PBXBuildFile; fileRef = E78291432AA3750800AE9BEE /* AlcoTrackerUITestsLaunchTests.swift */; };
		E7A944C12AA37775004DF4BA /* MainPresenter.swift in Sources */ = {isa = PBXBuildFile; fileRef = E7A944BE2AA37775004DF4BA /* MainPresenter.swift */; };
		E7A944C22AA37775004DF4BA /* MainViewController.swift in Sources */ = {isa = PBXBuildFile; fileRef = E7A944BF2AA37775004DF4BA /* MainViewController.swift */; };
		E7A944C52AA37792004DF4BA /* Builder.swift in Sources */ = {isa = PBXBuildFile; fileRef = E7A944C42AA37792004DF4BA /* Builder.swift */; };
		E7A944C72AA37834004DF4BA /* Router.swift in Sources */ = {isa = PBXBuildFile; fileRef = E7A944C62AA37834004DF4BA /* Router.swift */; };
		E7A944CC2AA37DA4004DF4BA /* CalendarPresenter.swift in Sources */ = {isa = PBXBuildFile; fileRef = E7A944C92AA37DA4004DF4BA /* CalendarPresenter.swift */; };
		E7A944CD2AA37DA4004DF4BA /* CalendarViewController.swift in Sources */ = {isa = PBXBuildFile; fileRef = E7A944CA2AA37DA4004DF4BA /* CalendarViewController.swift */; };
		E7A944D32AA37E04004DF4BA /* StatisticsPresenter.swift in Sources */ = {isa = PBXBuildFile; fileRef = E7A944D02AA37E04004DF4BA /* StatisticsPresenter.swift */; };
		E7A944D42AA37E04004DF4BA /* StatisticsViewController.swift in Sources */ = {isa = PBXBuildFile; fileRef = E7A944D12AA37E04004DF4BA /* StatisticsViewController.swift */; };
		E7F78D842AA454EC00081E43 /* OnboardingPresenter.swift in Sources */ = {isa = PBXBuildFile; fileRef = E7F78D812AA454EC00081E43 /* OnboardingPresenter.swift */; };
		E7F78D852AA454EC00081E43 /* OnboardingViewController.swift in Sources */ = {isa = PBXBuildFile; fileRef = E7F78D822AA454EC00081E43 /* OnboardingViewController.swift */; };
/* End PBXBuildFile section */

/* Begin PBXContainerItemProxy section */
		E78291342AA3750800AE9BEE /* PBXContainerItemProxy */ = {
			isa = PBXContainerItemProxy;
			containerPortal = E78291152AA3750700AE9BEE /* Project object */;
			proxyType = 1;
			remoteGlobalIDString = E782911C2AA3750700AE9BEE;
			remoteInfo = AlcoTracker;
		};
		E782913E2AA3750800AE9BEE /* PBXContainerItemProxy */ = {
			isa = PBXContainerItemProxy;
			containerPortal = E78291152AA3750700AE9BEE /* Project object */;
			proxyType = 1;
			remoteGlobalIDString = E782911C2AA3750700AE9BEE;
			remoteInfo = AlcoTracker;
		};
/* End PBXContainerItemProxy section */

/* Begin PBXFileReference section */
		286146D5726B2BD5C7EB1A5D /* Pods-AlcoTracker-AlcoTrackerUITests.debug.xcconfig */ = {isa = PBXFileReference; includeInIndex = 1; lastKnownFileType = text.xcconfig; name = "Pods-AlcoTracker-AlcoTrackerUITests.debug.xcconfig"; path = "Target Support Files/Pods-AlcoTracker-AlcoTrackerUITests/Pods-AlcoTracker-AlcoTrackerUITests.debug.xcconfig"; sourceTree = "<group>"; };
		2BF042E33C63E880CC93AF71 /* Pods-AlcoTracker.release.xcconfig */ = {isa = PBXFileReference; includeInIndex = 1; lastKnownFileType = text.xcconfig; name = "Pods-AlcoTracker.release.xcconfig"; path = "Target Support Files/Pods-AlcoTracker/Pods-AlcoTracker.release.xcconfig"; sourceTree = "<group>"; };
		414755D13B4CD3C5B9DC6BB8 /* Pods_AlcoTracker.framework */ = {isa = PBXFileReference; explicitFileType = wrapper.framework; includeInIndex = 0; path = Pods_AlcoTracker.framework; sourceTree = BUILT_PRODUCTS_DIR; };
		699C07F073EA6D8EF9F0DC0F /* Pods_AlcoTrackerTests.framework */ = {isa = PBXFileReference; explicitFileType = wrapper.framework; includeInIndex = 0; path = Pods_AlcoTrackerTests.framework; sourceTree = BUILT_PRODUCTS_DIR; };
		7D592782196B9B1A0F77D552 /* Pods-AlcoTrackerTests.release.xcconfig */ = {isa = PBXFileReference; includeInIndex = 1; lastKnownFileType = text.xcconfig; name = "Pods-AlcoTrackerTests.release.xcconfig"; path = "Target Support Files/Pods-AlcoTrackerTests/Pods-AlcoTrackerTests.release.xcconfig"; sourceTree = "<group>"; };
		AA86E6B8C5385144511D4436 /* Pods-AlcoTracker.debug.xcconfig */ = {isa = PBXFileReference; includeInIndex = 1; lastKnownFileType = text.xcconfig; name = "Pods-AlcoTracker.debug.xcconfig"; path = "Target Support Files/Pods-AlcoTracker/Pods-AlcoTracker.debug.xcconfig"; sourceTree = "<group>"; };
		B5E1A0A1C625D057669ED538 /* Pods_AlcoTracker_AlcoTrackerUITests.framework */ = {isa = PBXFileReference; explicitFileType = wrapper.framework; includeInIndex = 0; path = Pods_AlcoTracker_AlcoTrackerUITests.framework; sourceTree = BUILT_PRODUCTS_DIR; };
		BD4FD62F839173429471CDA6 /* Pods-AlcoTracker-AlcoTrackerUITests.release.xcconfig */ = {isa = PBXFileReference; includeInIndex = 1; lastKnownFileType = text.xcconfig; name = "Pods-AlcoTracker-AlcoTrackerUITests.release.xcconfig"; path = "Target Support Files/Pods-AlcoTracker-AlcoTrackerUITests/Pods-AlcoTracker-AlcoTrackerUITests.release.xcconfig"; sourceTree = "<group>"; };
		E724E2F82AA46296009A8B4B /* OnboardingPageContentViewController.swift */ = {isa = PBXFileReference; lastKnownFileType = sourcecode.swift; path = OnboardingPageContentViewController.swift; sourceTree = "<group>"; };
		E724E2FB2AA4636E009A8B4B /* PageViewContent.swift */ = {isa = PBXFileReference; lastKnownFileType = sourcecode.swift; path = PageViewContent.swift; sourceTree = "<group>"; };
		E724E2FE2AA4761E009A8B4B /* UIPageViewController.swift */ = {isa = PBXFileReference; lastKnownFileType = sourcecode.swift; path = UIPageViewController.swift; sourceTree = "<group>"; };
		E724E3002AA47D13009A8B4B /* OnboardingPageViewController.swift */ = {isa = PBXFileReference; lastKnownFileType = sourcecode.swift; path = OnboardingPageViewController.swift; sourceTree = "<group>"; };
		E75AF2392AA49E98002A2BE0 /* R.generated.swift */ = {isa = PBXFileReference; fileEncoding = 4; lastKnownFileType = sourcecode.swift; path = R.generated.swift; sourceTree = "<group>"; };
		E75AF23C2AA4AD87002A2BE0 /* Mulish-ExtraLight.ttf */ = {isa = PBXFileReference; lastKnownFileType = file; path = "Mulish-ExtraLight.ttf"; sourceTree = "<group>"; };
		E75AF23D2AA4AD87002A2BE0 /* Mulish-ExtraLightItalic.ttf */ = {isa = PBXFileReference; lastKnownFileType = file; path = "Mulish-ExtraLightItalic.ttf"; sourceTree = "<group>"; };
		E75AF23E2AA4AD87002A2BE0 /* Mulish-Italic.ttf */ = {isa = PBXFileReference; lastKnownFileType = file; path = "Mulish-Italic.ttf"; sourceTree = "<group>"; };
		E75AF23F2AA4AD87002A2BE0 /* Mulish-LightItalic.ttf */ = {isa = PBXFileReference; lastKnownFileType = file; path = "Mulish-LightItalic.ttf"; sourceTree = "<group>"; };
		E75AF2402AA4AD87002A2BE0 /* Mulish-Regular.ttf */ = {isa = PBXFileReference; lastKnownFileType = file; path = "Mulish-Regular.ttf"; sourceTree = "<group>"; };
		E75AF2412AA4AD87002A2BE0 /* Mulish-Medium.ttf */ = {isa = PBXFileReference; lastKnownFileType = file; path = "Mulish-Medium.ttf"; sourceTree = "<group>"; };
		E75AF2422AA4AD87002A2BE0 /* Mulish-MediumItalic.ttf */ = {isa = PBXFileReference; lastKnownFileType = file; path = "Mulish-MediumItalic.ttf"; sourceTree = "<group>"; };
		E75AF2432AA4AD87002A2BE0 /* Mulish-BoldItalic.ttf */ = {isa = PBXFileReference; lastKnownFileType = file; path = "Mulish-BoldItalic.ttf"; sourceTree = "<group>"; };
		E75AF2442AA4AD87002A2BE0 /* Mulish-Light.ttf */ = {isa = PBXFileReference; lastKnownFileType = file; path = "Mulish-Light.ttf"; sourceTree = "<group>"; };
		E75AF2452AA4AD87002A2BE0 /* Mulish-Bold.ttf */ = {isa = PBXFileReference; lastKnownFileType = file; path = "Mulish-Bold.ttf"; sourceTree = "<group>"; };
		E75AF2462AA4AD87002A2BE0 /* Mulish-ExtraBoldItalic.ttf */ = {isa = PBXFileReference; lastKnownFileType = file; path = "Mulish-ExtraBoldItalic.ttf"; sourceTree = "<group>"; };
		E75AF2472AA4AD88002A2BE0 /* Mulish-SemiBold.ttf */ = {isa = PBXFileReference; lastKnownFileType = file; path = "Mulish-SemiBold.ttf"; sourceTree = "<group>"; };
		E75AF2482AA4AD88002A2BE0 /* Mulish-SemiBoldItalic.ttf */ = {isa = PBXFileReference; lastKnownFileType = file; path = "Mulish-SemiBoldItalic.ttf"; sourceTree = "<group>"; };
		E75AF2492AA4AD88002A2BE0 /* Mulish-Black.ttf */ = {isa = PBXFileReference; lastKnownFileType = file; path = "Mulish-Black.ttf"; sourceTree = "<group>"; };
		E75AF24A2AA4AD88002A2BE0 /* Mulish-BlackItalic.ttf */ = {isa = PBXFileReference; lastKnownFileType = file; path = "Mulish-BlackItalic.ttf"; sourceTree = "<group>"; };
		E75AF24B2AA4AD88002A2BE0 /* Mulish-ExtraBold.ttf */ = {isa = PBXFileReference; lastKnownFileType = file; path = "Mulish-ExtraBold.ttf"; sourceTree = "<group>"; };
		E75AF25C2AA4AF45002A2BE0 /* R.generated.swift */ = {isa = PBXFileReference; fileEncoding = 4; lastKnownFileType = sourcecode.swift; path = R.generated.swift; sourceTree = "<group>"; };
		E77788842AA6335D006DEC33 /* Constants.swift */ = {isa = PBXFileReference; lastKnownFileType = sourcecode.swift; path = Constants.swift; sourceTree = "<group>"; };
		E782911D2AA3750700AE9BEE /* AlcoTracker.app */ = {isa = PBXFileReference; explicitFileType = wrapper.application; includeInIndex = 0; path = AlcoTracker.app; sourceTree = BUILT_PRODUCTS_DIR; };
		E78291202AA3750700AE9BEE /* AppDelegate.swift */ = {isa = PBXFileReference; lastKnownFileType = sourcecode.swift; path = AppDelegate.swift; sourceTree = "<group>"; };
		E78291222AA3750700AE9BEE /* SceneDelegate.swift */ = {isa = PBXFileReference; lastKnownFileType = sourcecode.swift; path = SceneDelegate.swift; sourceTree = "<group>"; };
		E78291242AA3750700AE9BEE /* TabViewController.swift */ = {isa = PBXFileReference; lastKnownFileType = sourcecode.swift; path = TabViewController.swift; sourceTree = "<group>"; };
		E78291292AA3750800AE9BEE /* Assets.xcassets */ = {isa = PBXFileReference; lastKnownFileType = folder.assetcatalog; path = Assets.xcassets; sourceTree = "<group>"; };
		E782912C2AA3750800AE9BEE /* Base */ = {isa = PBXFileReference; lastKnownFileType = file.storyboard; name = Base; path = Base.lproj/LaunchScreen.storyboard; sourceTree = "<group>"; };
		E782912E2AA3750800AE9BEE /* Info.plist */ = {isa = PBXFileReference; lastKnownFileType = text.plist.xml; path = Info.plist; sourceTree = "<group>"; };
		E78291332AA3750800AE9BEE /* AlcoTrackerTests.xctest */ = {isa = PBXFileReference; explicitFileType = wrapper.cfbundle; includeInIndex = 0; path = AlcoTrackerTests.xctest; sourceTree = BUILT_PRODUCTS_DIR; };
		E78291372AA3750800AE9BEE /* AlcoTrackerTests.swift */ = {isa = PBXFileReference; lastKnownFileType = sourcecode.swift; path = AlcoTrackerTests.swift; sourceTree = "<group>"; };
		E782913D2AA3750800AE9BEE /* AlcoTrackerUITests.xctest */ = {isa = PBXFileReference; explicitFileType = wrapper.cfbundle; includeInIndex = 0; path = AlcoTrackerUITests.xctest; sourceTree = BUILT_PRODUCTS_DIR; };
		E78291412AA3750800AE9BEE /* AlcoTrackerUITests.swift */ = {isa = PBXFileReference; lastKnownFileType = sourcecode.swift; path = AlcoTrackerUITests.swift; sourceTree = "<group>"; };
		E78291432AA3750800AE9BEE /* AlcoTrackerUITestsLaunchTests.swift */ = {isa = PBXFileReference; lastKnownFileType = sourcecode.swift; path = AlcoTrackerUITestsLaunchTests.swift; sourceTree = "<group>"; };
		E7A944BE2AA37775004DF4BA /* MainPresenter.swift */ = {isa = PBXFileReference; lastKnownFileType = sourcecode.swift; path = MainPresenter.swift; sourceTree = "<group>"; };
		E7A944BF2AA37775004DF4BA /* MainViewController.swift */ = {isa = PBXFileReference; lastKnownFileType = sourcecode.swift; path = MainViewController.swift; sourceTree = "<group>"; };
		E7A944C42AA37792004DF4BA /* Builder.swift */ = {isa = PBXFileReference; lastKnownFileType = sourcecode.swift; path = Builder.swift; sourceTree = "<group>"; };
		E7A944C62AA37834004DF4BA /* Router.swift */ = {isa = PBXFileReference; lastKnownFileType = sourcecode.swift; path = Router.swift; sourceTree = "<group>"; };
		E7A944C92AA37DA4004DF4BA /* CalendarPresenter.swift */ = {isa = PBXFileReference; lastKnownFileType = sourcecode.swift; path = CalendarPresenter.swift; sourceTree = "<group>"; };
		E7A944CA2AA37DA4004DF4BA /* CalendarViewController.swift */ = {isa = PBXFileReference; lastKnownFileType = sourcecode.swift; path = CalendarViewController.swift; sourceTree = "<group>"; };
		E7A944D02AA37E04004DF4BA /* StatisticsPresenter.swift */ = {isa = PBXFileReference; lastKnownFileType = sourcecode.swift; path = StatisticsPresenter.swift; sourceTree = "<group>"; };
		E7A944D12AA37E04004DF4BA /* StatisticsViewController.swift */ = {isa = PBXFileReference; lastKnownFileType = sourcecode.swift; path = StatisticsViewController.swift; sourceTree = "<group>"; };
		E7F78D812AA454EC00081E43 /* OnboardingPresenter.swift */ = {isa = PBXFileReference; lastKnownFileType = sourcecode.swift; path = OnboardingPresenter.swift; sourceTree = "<group>"; };
		E7F78D822AA454EC00081E43 /* OnboardingViewController.swift */ = {isa = PBXFileReference; lastKnownFileType = sourcecode.swift; path = OnboardingViewController.swift; sourceTree = "<group>"; };
		FC9AC9D2478C9890C09EBA7D /* Pods-AlcoTrackerTests.debug.xcconfig */ = {isa = PBXFileReference; includeInIndex = 1; lastKnownFileType = text.xcconfig; name = "Pods-AlcoTrackerTests.debug.xcconfig"; path = "Target Support Files/Pods-AlcoTrackerTests/Pods-AlcoTrackerTests.debug.xcconfig"; sourceTree = "<group>"; };
/* End PBXFileReference section */

/* Begin PBXFrameworksBuildPhase section */
		E782911A2AA3750700AE9BEE /* Frameworks */ = {
			isa = PBXFrameworksBuildPhase;
			buildActionMask = 2147483647;
			files = (
				44C3EF6D3C3D7BE81E96D978 /* Pods_AlcoTracker.framework in Frameworks */,
			);
			runOnlyForDeploymentPostprocessing = 0;
		};
		E78291302AA3750800AE9BEE /* Frameworks */ = {
			isa = PBXFrameworksBuildPhase;
			buildActionMask = 2147483647;
			files = (
				24C2E716FA72FB1957A9005B /* Pods_AlcoTrackerTests.framework in Frameworks */,
			);
			runOnlyForDeploymentPostprocessing = 0;
		};
		E782913A2AA3750800AE9BEE /* Frameworks */ = {
			isa = PBXFrameworksBuildPhase;
			buildActionMask = 2147483647;
			files = (
				02F4A551C56FC2AFBED255D2 /* Pods_AlcoTracker_AlcoTrackerUITests.framework in Frameworks */,
			);
			runOnlyForDeploymentPostprocessing = 0;
		};
/* End PBXFrameworksBuildPhase section */

/* Begin PBXGroup section */
		41F7B4711D804B3DDE6D9081 /* Pods */ = {
			isa = PBXGroup;
			children = (
				AA86E6B8C5385144511D4436 /* Pods-AlcoTracker.debug.xcconfig */,
				2BF042E33C63E880CC93AF71 /* Pods-AlcoTracker.release.xcconfig */,
				286146D5726B2BD5C7EB1A5D /* Pods-AlcoTracker-AlcoTrackerUITests.debug.xcconfig */,
				BD4FD62F839173429471CDA6 /* Pods-AlcoTracker-AlcoTrackerUITests.release.xcconfig */,
				FC9AC9D2478C9890C09EBA7D /* Pods-AlcoTrackerTests.debug.xcconfig */,
				7D592782196B9B1A0F77D552 /* Pods-AlcoTrackerTests.release.xcconfig */,
			);
			path = Pods;
			sourceTree = "<group>";
		};
		764DC61031C584CA895DFFED /* Frameworks */ = {
			isa = PBXGroup;
			children = (
				414755D13B4CD3C5B9DC6BB8 /* Pods_AlcoTracker.framework */,
				B5E1A0A1C625D057669ED538 /* Pods_AlcoTracker_AlcoTrackerUITests.framework */,
				699C07F073EA6D8EF9F0DC0F /* Pods_AlcoTrackerTests.framework */,
			);
			name = Frameworks;
			sourceTree = "<group>";
		};
		E724E2F62AA46253009A8B4B /* Components */ = {
			isa = PBXGroup;
			children = (
				E724E2F82AA46296009A8B4B /* OnboardingPageContentViewController.swift */,
				E724E3002AA47D13009A8B4B /* OnboardingPageViewController.swift */,
			);
			path = Components;
			sourceTree = "<group>";
		};
		E724E2FA2AA46360009A8B4B /* Utils */ = {
			isa = PBXGroup;
			children = (
				E724E2FB2AA4636E009A8B4B /* PageViewContent.swift */,
				E77788842AA6335D006DEC33 /* Constants.swift */,
			);
			path = Utils;
			sourceTree = "<group>";
		};
		E724E2FD2AA4760E009A8B4B /* Extensions */ = {
			isa = PBXGroup;
			children = (
				E724E2FE2AA4761E009A8B4B /* UIPageViewController.swift */,
			);
			path = Extensions;
			sourceTree = "<group>";
		};
		E75AF23B2AA4AD6D002A2BE0 /* fonts */ = {
			isa = PBXGroup;
			children = (
				E75AF2492AA4AD88002A2BE0 /* Mulish-Black.ttf */,
				E75AF24A2AA4AD88002A2BE0 /* Mulish-BlackItalic.ttf */,
				E75AF2452AA4AD87002A2BE0 /* Mulish-Bold.ttf */,
				E75AF2432AA4AD87002A2BE0 /* Mulish-BoldItalic.ttf */,
				E75AF24B2AA4AD88002A2BE0 /* Mulish-ExtraBold.ttf */,
				E75AF2462AA4AD87002A2BE0 /* Mulish-ExtraBoldItalic.ttf */,
				E75AF23C2AA4AD87002A2BE0 /* Mulish-ExtraLight.ttf */,
				E75AF23D2AA4AD87002A2BE0 /* Mulish-ExtraLightItalic.ttf */,
				E75AF23E2AA4AD87002A2BE0 /* Mulish-Italic.ttf */,
				E75AF2442AA4AD87002A2BE0 /* Mulish-Light.ttf */,
				E75AF23F2AA4AD87002A2BE0 /* Mulish-LightItalic.ttf */,
				E75AF2412AA4AD87002A2BE0 /* Mulish-Medium.ttf */,
				E75AF2422AA4AD87002A2BE0 /* Mulish-MediumItalic.ttf */,
				E75AF2402AA4AD87002A2BE0 /* Mulish-Regular.ttf */,
				E75AF2472AA4AD88002A2BE0 /* Mulish-SemiBold.ttf */,
				E75AF2482AA4AD88002A2BE0 /* Mulish-SemiBoldItalic.ttf */,
			);
			path = fonts;
			sourceTree = "<group>";
		};
		E78291142AA3750700AE9BEE = {
			isa = PBXGroup;
			children = (
				E75AF2392AA49E98002A2BE0 /* R.generated.swift */,
				E75AF25C2AA4AF45002A2BE0 /* R.generated.swift */,
				E782911F2AA3750700AE9BEE /* AlcoTracker */,
				E78291362AA3750800AE9BEE /* AlcoTrackerTests */,
				E78291402AA3750800AE9BEE /* AlcoTrackerUITests */,
				E782911E2AA3750700AE9BEE /* Products */,
				41F7B4711D804B3DDE6D9081 /* Pods */,
				764DC61031C584CA895DFFED /* Frameworks */,
			);
			sourceTree = "<group>";
		};
		E782911E2AA3750700AE9BEE /* Products */ = {
			isa = PBXGroup;
			children = (
				E782911D2AA3750700AE9BEE /* AlcoTracker.app */,
				E78291332AA3750800AE9BEE /* AlcoTrackerTests.xctest */,
				E782913D2AA3750800AE9BEE /* AlcoTrackerUITests.xctest */,
			);
			name = Products;
			sourceTree = "<group>";
		};
		E782911F2AA3750700AE9BEE /* AlcoTracker */ = {
			isa = PBXGroup;
			children = (
				E75AF23B2AA4AD6D002A2BE0 /* fonts */,
				E724E2FD2AA4760E009A8B4B /* Extensions */,
				E724E2FA2AA46360009A8B4B /* Utils */,
				E724E2F62AA46253009A8B4B /* Components */,
				E7A944BB2AA37754004DF4BA /* Modules */,
				E78291202AA3750700AE9BEE /* AppDelegate.swift */,
				E78291222AA3750700AE9BEE /* SceneDelegate.swift */,
				E78291242AA3750700AE9BEE /* TabViewController.swift */,
				E78291292AA3750800AE9BEE /* Assets.xcassets */,
				E782912B2AA3750800AE9BEE /* LaunchScreen.storyboard */,
				E782912E2AA3750800AE9BEE /* Info.plist */,
				E7A944C42AA37792004DF4BA /* Builder.swift */,
				E7A944C62AA37834004DF4BA /* Router.swift */,
			);
			path = AlcoTracker;
			sourceTree = "<group>";
		};
		E78291362AA3750800AE9BEE /* AlcoTrackerTests */ = {
			isa = PBXGroup;
			children = (
				E78291372AA3750800AE9BEE /* AlcoTrackerTests.swift */,
			);
			path = AlcoTrackerTests;
			sourceTree = "<group>";
		};
		E78291402AA3750800AE9BEE /* AlcoTrackerUITests */ = {
			isa = PBXGroup;
			children = (
				E78291412AA3750800AE9BEE /* AlcoTrackerUITests.swift */,
				E78291432AA3750800AE9BEE /* AlcoTrackerUITestsLaunchTests.swift */,
			);
			path = AlcoTrackerUITests;
			sourceTree = "<group>";
		};
		E7A944BB2AA37754004DF4BA /* Modules */ = {
			isa = PBXGroup;
			children = (
				E7F78D7F2AA454D600081E43 /* Onboarding */,
				E7A944CF2AA37DF5004DF4BA /* Statistics */,
				E7A944C82AA37D8E004DF4BA /* Calendar */,
				E7A944BC2AA3775F004DF4BA /* Main */,
			);
			path = Modules;
			sourceTree = "<group>";
		};
		E7A944BC2AA3775F004DF4BA /* Main */ = {
			isa = PBXGroup;
			children = (
				E7A944BE2AA37775004DF4BA /* MainPresenter.swift */,
				E7A944BF2AA37775004DF4BA /* MainViewController.swift */,
			);
			path = Main;
			sourceTree = "<group>";
		};
		E7A944C82AA37D8E004DF4BA /* Calendar */ = {
			isa = PBXGroup;
			children = (
				E7A944C92AA37DA4004DF4BA /* CalendarPresenter.swift */,
				E7A944CA2AA37DA4004DF4BA /* CalendarViewController.swift */,
			);
			path = Calendar;
			sourceTree = "<group>";
		};
		E7A944CF2AA37DF5004DF4BA /* Statistics */ = {
			isa = PBXGroup;
			children = (
				E7A944D02AA37E04004DF4BA /* StatisticsPresenter.swift */,
				E7A944D12AA37E04004DF4BA /* StatisticsViewController.swift */,
			);
			path = Statistics;
			sourceTree = "<group>";
		};
		E7F78D7F2AA454D600081E43 /* Onboarding */ = {
			isa = PBXGroup;
			children = (
				E7F78D812AA454EC00081E43 /* OnboardingPresenter.swift */,
				E7F78D822AA454EC00081E43 /* OnboardingViewController.swift */,
			);
			path = Onboarding;
			sourceTree = "<group>";
		};
/* End PBXGroup section */

/* Begin PBXNativeTarget section */
		E782911C2AA3750700AE9BEE /* AlcoTracker */ = {
			isa = PBXNativeTarget;
			buildConfigurationList = E78291472AA3750800AE9BEE /* Build configuration list for PBXNativeTarget "AlcoTracker" */;
			buildPhases = (
				92F18331B1D3E58256B27B06 /* [CP] Check Pods Manifest.lock */,
				E78291192AA3750700AE9BEE /* Sources */,
				E7E269092AA39F1A00C9D63E /* ShellScript */,
				E782911A2AA3750700AE9BEE /* Frameworks */,
				E782911B2AA3750700AE9BEE /* Resources */,
				C2DB0A586291403ED7F8F426 /* [CP] Embed Pods Frameworks */,
			);
			buildRules = (
			);
			dependencies = (
			);
			name = AlcoTracker;
			productName = AlcoTracker;
			productReference = E782911D2AA3750700AE9BEE /* AlcoTracker.app */;
			productType = "com.apple.product-type.application";
		};
		E78291322AA3750800AE9BEE /* AlcoTrackerTests */ = {
			isa = PBXNativeTarget;
			buildConfigurationList = E782914A2AA3750800AE9BEE /* Build configuration list for PBXNativeTarget "AlcoTrackerTests" */;
			buildPhases = (
				1AF7CC290A81A1873E826A25 /* [CP] Check Pods Manifest.lock */,
				E782912F2AA3750800AE9BEE /* Sources */,
				E78291302AA3750800AE9BEE /* Frameworks */,
				E78291312AA3750800AE9BEE /* Resources */,
			);
			buildRules = (
			);
			dependencies = (
				E78291352AA3750800AE9BEE /* PBXTargetDependency */,
			);
			name = AlcoTrackerTests;
			productName = AlcoTrackerTests;
			productReference = E78291332AA3750800AE9BEE /* AlcoTrackerTests.xctest */;
			productType = "com.apple.product-type.bundle.unit-test";
		};
		E782913C2AA3750800AE9BEE /* AlcoTrackerUITests */ = {
			isa = PBXNativeTarget;
			buildConfigurationList = E782914D2AA3750800AE9BEE /* Build configuration list for PBXNativeTarget "AlcoTrackerUITests" */;
			buildPhases = (
				AFD66CDCF7C35FEECE312A93 /* [CP] Check Pods Manifest.lock */,
				E78291392AA3750800AE9BEE /* Sources */,
				E782913A2AA3750800AE9BEE /* Frameworks */,
				E782913B2AA3750800AE9BEE /* Resources */,
				69394AD492A8E57CE56CCB98 /* [CP] Embed Pods Frameworks */,
			);
			buildRules = (
			);
			dependencies = (
				E782913F2AA3750800AE9BEE /* PBXTargetDependency */,
			);
			name = AlcoTrackerUITests;
			productName = AlcoTrackerUITests;
			productReference = E782913D2AA3750800AE9BEE /* AlcoTrackerUITests.xctest */;
			productType = "com.apple.product-type.bundle.ui-testing";
		};
/* End PBXNativeTarget section */

/* Begin PBXProject section */
		E78291152AA3750700AE9BEE /* Project object */ = {
			isa = PBXProject;
			attributes = {
				BuildIndependentTargetsInParallel = 1;
				LastSwiftUpdateCheck = 1430;
				LastUpgradeCheck = 1430;
				TargetAttributes = {
					E782911C2AA3750700AE9BEE = {
						CreatedOnToolsVersion = 14.3.1;
					};
					E78291322AA3750800AE9BEE = {
						CreatedOnToolsVersion = 14.3.1;
						TestTargetID = E782911C2AA3750700AE9BEE;
					};
					E782913C2AA3750800AE9BEE = {
						CreatedOnToolsVersion = 14.3.1;
						TestTargetID = E782911C2AA3750700AE9BEE;
					};
				};
			};
			buildConfigurationList = E78291182AA3750700AE9BEE /* Build configuration list for PBXProject "AlcoTracker" */;
			compatibilityVersion = "Xcode 14.0";
			developmentRegion = en;
			hasScannedForEncodings = 0;
			knownRegions = (
				en,
				Base,
			);
			mainGroup = E78291142AA3750700AE9BEE;
			productRefGroup = E782911E2AA3750700AE9BEE /* Products */;
			projectDirPath = "";
			projectRoot = "";
			targets = (
				E782911C2AA3750700AE9BEE /* AlcoTracker */,
				E78291322AA3750800AE9BEE /* AlcoTrackerTests */,
				E782913C2AA3750800AE9BEE /* AlcoTrackerUITests */,
			);
		};
/* End PBXProject section */

/* Begin PBXResourcesBuildPhase section */
		E782911B2AA3750700AE9BEE /* Resources */ = {
			isa = PBXResourcesBuildPhase;
			buildActionMask = 2147483647;
			files = (
				E75AF2502AA4ADBD002A2BE0 /* Mulish-Regular.ttf in Resources */,
				E75AF2572AA4ADBD002A2BE0 /* Mulish-MediumItalic.ttf in Resources */,
				E75AF24E2AA4ADBD002A2BE0 /* Mulish-ExtraBold.ttf in Resources */,
				E75AF2592AA4ADBD002A2BE0 /* Mulish-Light.ttf in Resources */,
				E75AF2532AA4ADBD002A2BE0 /* Mulish-ExtraLight.ttf in Resources */,
				E75AF2582AA4ADBD002A2BE0 /* Mulish-ExtraLightItalic.ttf in Resources */,
				E75AF24D2AA4ADB3002A2BE0 /* Mulish-BlackItalic.ttf in Resources */,
				E75AF2562AA4ADBD002A2BE0 /* Mulish-LightItalic.ttf in Resources */,
				E75AF25A2AA4ADBD002A2BE0 /* Mulish-Italic.ttf in Resources */,
				E782912D2AA3750800AE9BEE /* LaunchScreen.storyboard in Resources */,
				E75AF2542AA4ADBD002A2BE0 /* Mulish-SemiBoldItalic.ttf in Resources */,
				E75AF24F2AA4ADBD002A2BE0 /* Mulish-Bold.ttf in Resources */,
				E75AF2512AA4ADBD002A2BE0 /* Mulish-SemiBold.ttf in Resources */,
				E75AF2552AA4ADBD002A2BE0 /* Mulish-ExtraBoldItalic.ttf in Resources */,
				E75AF24C2AA4ADB0002A2BE0 /* Mulish-Black.ttf in Resources */,
				E75AF25B2AA4ADBD002A2BE0 /* Mulish-BoldItalic.ttf in Resources */,
				E75AF2522AA4ADBD002A2BE0 /* Mulish-Medium.ttf in Resources */,
				E782912A2AA3750800AE9BEE /* Assets.xcassets in Resources */,
			);
			runOnlyForDeploymentPostprocessing = 0;
		};
		E78291312AA3750800AE9BEE /* Resources */ = {
			isa = PBXResourcesBuildPhase;
			buildActionMask = 2147483647;
			files = (
			);
			runOnlyForDeploymentPostprocessing = 0;
		};
		E782913B2AA3750800AE9BEE /* Resources */ = {
			isa = PBXResourcesBuildPhase;
			buildActionMask = 2147483647;
			files = (
			);
			runOnlyForDeploymentPostprocessing = 0;
		};
/* End PBXResourcesBuildPhase section */

/* Begin PBXShellScriptBuildPhase section */
		1AF7CC290A81A1873E826A25 /* [CP] Check Pods Manifest.lock */ = {
			isa = PBXShellScriptBuildPhase;
			buildActionMask = 2147483647;
			files = (
			);
			inputFileListPaths = (
			);
			inputPaths = (
				"${PODS_PODFILE_DIR_PATH}/Podfile.lock",
				"${PODS_ROOT}/Manifest.lock",
			);
			name = "[CP] Check Pods Manifest.lock";
			outputFileListPaths = (
			);
			outputPaths = (
				"$(DERIVED_FILE_DIR)/Pods-AlcoTrackerTests-checkManifestLockResult.txt",
			);
			runOnlyForDeploymentPostprocessing = 0;
			shellPath = /bin/sh;
			shellScript = "diff \"${PODS_PODFILE_DIR_PATH}/Podfile.lock\" \"${PODS_ROOT}/Manifest.lock\" > /dev/null\nif [ $? != 0 ] ; then\n    # print error to STDERR\n    echo \"error: The sandbox is not in sync with the Podfile.lock. Run 'pod install' or update your CocoaPods installation.\" >&2\n    exit 1\nfi\n# This output is used by Xcode 'outputs' to avoid re-running this script phase.\necho \"SUCCESS\" > \"${SCRIPT_OUTPUT_FILE_0}\"\n";
			showEnvVarsInLog = 0;
		};
		69394AD492A8E57CE56CCB98 /* [CP] Embed Pods Frameworks */ = {
			isa = PBXShellScriptBuildPhase;
			buildActionMask = 2147483647;
			files = (
			);
			inputFileListPaths = (
				"${PODS_ROOT}/Target Support Files/Pods-AlcoTracker-AlcoTrackerUITests/Pods-AlcoTracker-AlcoTrackerUITests-frameworks-${CONFIGURATION}-input-files.xcfilelist",
			);
			name = "[CP] Embed Pods Frameworks";
			outputFileListPaths = (
				"${PODS_ROOT}/Target Support Files/Pods-AlcoTracker-AlcoTrackerUITests/Pods-AlcoTracker-AlcoTrackerUITests-frameworks-${CONFIGURATION}-output-files.xcfilelist",
			);
			runOnlyForDeploymentPostprocessing = 0;
			shellPath = /bin/sh;
			shellScript = "\"${PODS_ROOT}/Target Support Files/Pods-AlcoTracker-AlcoTrackerUITests/Pods-AlcoTracker-AlcoTrackerUITests-frameworks.sh\"\n";
			showEnvVarsInLog = 0;
		};
		92F18331B1D3E58256B27B06 /* [CP] Check Pods Manifest.lock */ = {
			isa = PBXShellScriptBuildPhase;
			buildActionMask = 2147483647;
			files = (
			);
			inputFileListPaths = (
			);
			inputPaths = (
				"${PODS_PODFILE_DIR_PATH}/Podfile.lock",
				"${PODS_ROOT}/Manifest.lock",
			);
			name = "[CP] Check Pods Manifest.lock";
			outputFileListPaths = (
			);
			outputPaths = (
				"$(DERIVED_FILE_DIR)/Pods-AlcoTracker-checkManifestLockResult.txt",
			);
			runOnlyForDeploymentPostprocessing = 0;
			shellPath = /bin/sh;
			shellScript = "diff \"${PODS_PODFILE_DIR_PATH}/Podfile.lock\" \"${PODS_ROOT}/Manifest.lock\" > /dev/null\nif [ $? != 0 ] ; then\n    # print error to STDERR\n    echo \"error: The sandbox is not in sync with the Podfile.lock. Run 'pod install' or update your CocoaPods installation.\" >&2\n    exit 1\nfi\n# This output is used by Xcode 'outputs' to avoid re-running this script phase.\necho \"SUCCESS\" > \"${SCRIPT_OUTPUT_FILE_0}\"\n";
			showEnvVarsInLog = 0;
		};
		AFD66CDCF7C35FEECE312A93 /* [CP] Check Pods Manifest.lock */ = {
			isa = PBXShellScriptBuildPhase;
			buildActionMask = 2147483647;
			files = (
			);
			inputFileListPaths = (
			);
			inputPaths = (
				"${PODS_PODFILE_DIR_PATH}/Podfile.lock",
				"${PODS_ROOT}/Manifest.lock",
			);
			name = "[CP] Check Pods Manifest.lock";
			outputFileListPaths = (
			);
			outputPaths = (
				"$(DERIVED_FILE_DIR)/Pods-AlcoTracker-AlcoTrackerUITests-checkManifestLockResult.txt",
			);
			runOnlyForDeploymentPostprocessing = 0;
			shellPath = /bin/sh;
			shellScript = "diff \"${PODS_PODFILE_DIR_PATH}/Podfile.lock\" \"${PODS_ROOT}/Manifest.lock\" > /dev/null\nif [ $? != 0 ] ; then\n    # print error to STDERR\n    echo \"error: The sandbox is not in sync with the Podfile.lock. Run 'pod install' or update your CocoaPods installation.\" >&2\n    exit 1\nfi\n# This output is used by Xcode 'outputs' to avoid re-running this script phase.\necho \"SUCCESS\" > \"${SCRIPT_OUTPUT_FILE_0}\"\n";
			showEnvVarsInLog = 0;
		};
		C2DB0A586291403ED7F8F426 /* [CP] Embed Pods Frameworks */ = {
			isa = PBXShellScriptBuildPhase;
			buildActionMask = 2147483647;
			files = (
			);
			inputFileListPaths = (
				"${PODS_ROOT}/Target Support Files/Pods-AlcoTracker/Pods-AlcoTracker-frameworks-${CONFIGURATION}-input-files.xcfilelist",
			);
			name = "[CP] Embed Pods Frameworks";
			outputFileListPaths = (
				"${PODS_ROOT}/Target Support Files/Pods-AlcoTracker/Pods-AlcoTracker-frameworks-${CONFIGURATION}-output-files.xcfilelist",
			);
			runOnlyForDeploymentPostprocessing = 0;
			shellPath = /bin/sh;
			shellScript = "\"${PODS_ROOT}/Target Support Files/Pods-AlcoTracker/Pods-AlcoTracker-frameworks.sh\"\n";
			showEnvVarsInLog = 0;
		};
		E7E269092AA39F1A00C9D63E /* ShellScript */ = {
			isa = PBXShellScriptBuildPhase;
			alwaysOutOfDate = 1;
			buildActionMask = 2147483647;
			files = (
			);
			inputFileListPaths = (
			);
			inputPaths = (
			);
			outputFileListPaths = (
			);
			outputPaths = (
				"$(DERIVED_FILE_DIR)/$SRCROOT/AlcoTracker/R.generated.swift",
			);
			runOnlyForDeploymentPostprocessing = 0;
			shellPath = /bin/sh;
			shellScript = "# Type a script or drag a script file from your workspace to insert its path.\n\"$PODS_ROOT/R.swift/rswift\" generate \"$SRCROOT/AlcoTracker/R.generated.swift\"\n";
		};
/* End PBXShellScriptBuildPhase section */

/* Begin PBXSourcesBuildPhase section */
		E78291192AA3750700AE9BEE /* Sources */ = {
			isa = PBXSourcesBuildPhase;
			buildActionMask = 2147483647;
			files = (
				E724E2FF2AA4761E009A8B4B /* UIPageViewController.swift in Sources */,
				E7A944C72AA37834004DF4BA /* Router.swift in Sources */,
				E7A944D32AA37E04004DF4BA /* StatisticsPresenter.swift in Sources */,
				E78291252AA3750700AE9BEE /* TabViewController.swift in Sources */,
				E724E2FC2AA4636E009A8B4B /* PageViewContent.swift in Sources */,
				E75AF23A2AA49E98002A2BE0 /* R.generated.swift in Sources */,
				E75AF25D2AA4AF45002A2BE0 /* R.generated.swift in Sources */,
				E78291212AA3750700AE9BEE /* AppDelegate.swift in Sources */,
				E7A944C52AA37792004DF4BA /* Builder.swift in Sources */,
				E7A944D42AA37E04004DF4BA /* StatisticsViewController.swift in Sources */,
				E7A944CC2AA37DA4004DF4BA /* CalendarPresenter.swift in Sources */,
				E724E2F92AA46296009A8B4B /* OnboardingPageContentViewController.swift in Sources */,
				E7F78D842AA454EC00081E43 /* OnboardingPresenter.swift in Sources */,
				E78291232AA3750700AE9BEE /* SceneDelegate.swift in Sources */,
				E7A944CD2AA37DA4004DF4BA /* CalendarViewController.swift in Sources */,
				E77788852AA6335D006DEC33 /* Constants.swift in Sources */,
				E7A944C12AA37775004DF4BA /* MainPresenter.swift in Sources */,
				E7F78D852AA454EC00081E43 /* OnboardingViewController.swift in Sources */,
				E7A944C22AA37775004DF4BA /* MainViewController.swift in Sources */,
				E724E3012AA47D13009A8B4B /* OnboardingPageViewController.swift in Sources */,
			);
			runOnlyForDeploymentPostprocessing = 0;
		};
		E782912F2AA3750800AE9BEE /* Sources */ = {
			isa = PBXSourcesBuildPhase;
			buildActionMask = 2147483647;
			files = (
				E78291382AA3750800AE9BEE /* AlcoTrackerTests.swift in Sources */,
			);
			runOnlyForDeploymentPostprocessing = 0;
		};
		E78291392AA3750800AE9BEE /* Sources */ = {
			isa = PBXSourcesBuildPhase;
			buildActionMask = 2147483647;
			files = (
				E78291442AA3750800AE9BEE /* AlcoTrackerUITestsLaunchTests.swift in Sources */,
				E78291422AA3750800AE9BEE /* AlcoTrackerUITests.swift in Sources */,
			);
			runOnlyForDeploymentPostprocessing = 0;
		};
/* End PBXSourcesBuildPhase section */

/* Begin PBXTargetDependency section */
		E78291352AA3750800AE9BEE /* PBXTargetDependency */ = {
			isa = PBXTargetDependency;
			target = E782911C2AA3750700AE9BEE /* AlcoTracker */;
			targetProxy = E78291342AA3750800AE9BEE /* PBXContainerItemProxy */;
		};
		E782913F2AA3750800AE9BEE /* PBXTargetDependency */ = {
			isa = PBXTargetDependency;
			target = E782911C2AA3750700AE9BEE /* AlcoTracker */;
			targetProxy = E782913E2AA3750800AE9BEE /* PBXContainerItemProxy */;
		};
/* End PBXTargetDependency section */

/* Begin PBXVariantGroup section */
		E782912B2AA3750800AE9BEE /* LaunchScreen.storyboard */ = {
			isa = PBXVariantGroup;
			children = (
				E782912C2AA3750800AE9BEE /* Base */,
			);
			name = LaunchScreen.storyboard;
			sourceTree = "<group>";
		};
/* End PBXVariantGroup section */

/* Begin XCBuildConfiguration section */
		E78291452AA3750800AE9BEE /* Debug */ = {
			isa = XCBuildConfiguration;
			buildSettings = {
				ALWAYS_SEARCH_USER_PATHS = NO;
				CLANG_ANALYZER_NONNULL = YES;
				CLANG_ANALYZER_NUMBER_OBJECT_CONVERSION = YES_AGGRESSIVE;
				CLANG_CXX_LANGUAGE_STANDARD = "gnu++20";
				CLANG_ENABLE_MODULES = YES;
				CLANG_ENABLE_OBJC_ARC = YES;
				CLANG_ENABLE_OBJC_WEAK = YES;
				CLANG_WARN_BLOCK_CAPTURE_AUTORELEASING = YES;
				CLANG_WARN_BOOL_CONVERSION = YES;
				CLANG_WARN_COMMA = YES;
				CLANG_WARN_CONSTANT_CONVERSION = YES;
				CLANG_WARN_DEPRECATED_OBJC_IMPLEMENTATIONS = YES;
				CLANG_WARN_DIRECT_OBJC_ISA_USAGE = YES_ERROR;
				CLANG_WARN_DOCUMENTATION_COMMENTS = YES;
				CLANG_WARN_EMPTY_BODY = YES;
				CLANG_WARN_ENUM_CONVERSION = YES;
				CLANG_WARN_INFINITE_RECURSION = YES;
				CLANG_WARN_INT_CONVERSION = YES;
				CLANG_WARN_NON_LITERAL_NULL_CONVERSION = YES;
				CLANG_WARN_OBJC_IMPLICIT_RETAIN_SELF = YES;
				CLANG_WARN_OBJC_LITERAL_CONVERSION = YES;
				CLANG_WARN_OBJC_ROOT_CLASS = YES_ERROR;
				CLANG_WARN_QUOTED_INCLUDE_IN_FRAMEWORK_HEADER = YES;
				CLANG_WARN_RANGE_LOOP_ANALYSIS = YES;
				CLANG_WARN_STRICT_PROTOTYPES = YES;
				CLANG_WARN_SUSPICIOUS_MOVE = YES;
				CLANG_WARN_UNGUARDED_AVAILABILITY = YES_AGGRESSIVE;
				CLANG_WARN_UNREACHABLE_CODE = YES;
				CLANG_WARN__DUPLICATE_METHOD_MATCH = YES;
				COPY_PHASE_STRIP = NO;
				DEBUG_INFORMATION_FORMAT = dwarf;
				ENABLE_STRICT_OBJC_MSGSEND = YES;
				ENABLE_TESTABILITY = YES;
				GCC_C_LANGUAGE_STANDARD = gnu11;
				GCC_DYNAMIC_NO_PIC = NO;
				GCC_NO_COMMON_BLOCKS = YES;
				GCC_OPTIMIZATION_LEVEL = 0;
				GCC_PREPROCESSOR_DEFINITIONS = (
					"DEBUG=1",
					"$(inherited)",
				);
				GCC_WARN_64_TO_32_BIT_CONVERSION = YES;
				GCC_WARN_ABOUT_RETURN_TYPE = YES_ERROR;
				GCC_WARN_UNDECLARED_SELECTOR = YES;
				GCC_WARN_UNINITIALIZED_AUTOS = YES_AGGRESSIVE;
				GCC_WARN_UNUSED_FUNCTION = YES;
				GCC_WARN_UNUSED_VARIABLE = YES;
				IPHONEOS_DEPLOYMENT_TARGET = 16.4;
				MTL_ENABLE_DEBUG_INFO = INCLUDE_SOURCE;
				MTL_FAST_MATH = YES;
				ONLY_ACTIVE_ARCH = YES;
				SDKROOT = iphoneos;
				SWIFT_ACTIVE_COMPILATION_CONDITIONS = DEBUG;
				SWIFT_OPTIMIZATION_LEVEL = "-Onone";
			};
			name = Debug;
		};
		E78291462AA3750800AE9BEE /* Release */ = {
			isa = XCBuildConfiguration;
			buildSettings = {
				ALWAYS_SEARCH_USER_PATHS = NO;
				CLANG_ANALYZER_NONNULL = YES;
				CLANG_ANALYZER_NUMBER_OBJECT_CONVERSION = YES_AGGRESSIVE;
				CLANG_CXX_LANGUAGE_STANDARD = "gnu++20";
				CLANG_ENABLE_MODULES = YES;
				CLANG_ENABLE_OBJC_ARC = YES;
				CLANG_ENABLE_OBJC_WEAK = YES;
				CLANG_WARN_BLOCK_CAPTURE_AUTORELEASING = YES;
				CLANG_WARN_BOOL_CONVERSION = YES;
				CLANG_WARN_COMMA = YES;
				CLANG_WARN_CONSTANT_CONVERSION = YES;
				CLANG_WARN_DEPRECATED_OBJC_IMPLEMENTATIONS = YES;
				CLANG_WARN_DIRECT_OBJC_ISA_USAGE = YES_ERROR;
				CLANG_WARN_DOCUMENTATION_COMMENTS = YES;
				CLANG_WARN_EMPTY_BODY = YES;
				CLANG_WARN_ENUM_CONVERSION = YES;
				CLANG_WARN_INFINITE_RECURSION = YES;
				CLANG_WARN_INT_CONVERSION = YES;
				CLANG_WARN_NON_LITERAL_NULL_CONVERSION = YES;
				CLANG_WARN_OBJC_IMPLICIT_RETAIN_SELF = YES;
				CLANG_WARN_OBJC_LITERAL_CONVERSION = YES;
				CLANG_WARN_OBJC_ROOT_CLASS = YES_ERROR;
				CLANG_WARN_QUOTED_INCLUDE_IN_FRAMEWORK_HEADER = YES;
				CLANG_WARN_RANGE_LOOP_ANALYSIS = YES;
				CLANG_WARN_STRICT_PROTOTYPES = YES;
				CLANG_WARN_SUSPICIOUS_MOVE = YES;
				CLANG_WARN_UNGUARDED_AVAILABILITY = YES_AGGRESSIVE;
				CLANG_WARN_UNREACHABLE_CODE = YES;
				CLANG_WARN__DUPLICATE_METHOD_MATCH = YES;
				COPY_PHASE_STRIP = NO;
				DEBUG_INFORMATION_FORMAT = "dwarf-with-dsym";
				ENABLE_NS_ASSERTIONS = NO;
				ENABLE_STRICT_OBJC_MSGSEND = YES;
				GCC_C_LANGUAGE_STANDARD = gnu11;
				GCC_NO_COMMON_BLOCKS = YES;
				GCC_WARN_64_TO_32_BIT_CONVERSION = YES;
				GCC_WARN_ABOUT_RETURN_TYPE = YES_ERROR;
				GCC_WARN_UNDECLARED_SELECTOR = YES;
				GCC_WARN_UNINITIALIZED_AUTOS = YES_AGGRESSIVE;
				GCC_WARN_UNUSED_FUNCTION = YES;
				GCC_WARN_UNUSED_VARIABLE = YES;
				IPHONEOS_DEPLOYMENT_TARGET = 16.4;
				MTL_ENABLE_DEBUG_INFO = NO;
				MTL_FAST_MATH = YES;
				SDKROOT = iphoneos;
				SWIFT_COMPILATION_MODE = wholemodule;
				SWIFT_OPTIMIZATION_LEVEL = "-O";
				VALIDATE_PRODUCT = YES;
			};
			name = Release;
		};
		E78291482AA3750800AE9BEE /* Debug */ = {
			isa = XCBuildConfiguration;
			baseConfigurationReference = AA86E6B8C5385144511D4436 /* Pods-AlcoTracker.debug.xcconfig */;
			buildSettings = {
				ASSETCATALOG_COMPILER_APPICON_NAME = AppIcon;
				ASSETCATALOG_COMPILER_GLOBAL_ACCENT_COLOR_NAME = AccentColor;
				CODE_SIGN_STYLE = Automatic;
				CURRENT_PROJECT_VERSION = 1;
				DEVELOPMENT_TEAM = LGA2S6B39V;
				GENERATE_INFOPLIST_FILE = YES;
				INFOPLIST_FILE = AlcoTracker/Info.plist;
				INFOPLIST_KEY_UIApplicationSupportsIndirectInputEvents = YES;
				INFOPLIST_KEY_UILaunchStoryboardName = LaunchScreen;
				INFOPLIST_KEY_UISupportedInterfaceOrientations_iPad = "UIInterfaceOrientationPortrait UIInterfaceOrientationPortraitUpsideDown UIInterfaceOrientationLandscapeLeft UIInterfaceOrientationLandscapeRight";
				INFOPLIST_KEY_UISupportedInterfaceOrientations_iPhone = "UIInterfaceOrientationPortrait UIInterfaceOrientationLandscapeLeft UIInterfaceOrientationLandscapeRight";
				LD_RUNPATH_SEARCH_PATHS = (
					"$(inherited)",
					"@executable_path/Frameworks",
				);
				MARKETING_VERSION = 1.0;
				PRODUCT_BUNDLE_IDENTIFIER = com.bej.AlcoTracker;
				PRODUCT_NAME = "$(TARGET_NAME)";
				SWIFT_EMIT_LOC_STRINGS = YES;
				SWIFT_VERSION = 5.0;
				TARGETED_DEVICE_FAMILY = "1,2";
			};
			name = Debug;
		};
		E78291492AA3750800AE9BEE /* Release */ = {
			isa = XCBuildConfiguration;
			baseConfigurationReference = 2BF042E33C63E880CC93AF71 /* Pods-AlcoTracker.release.xcconfig */;
			buildSettings = {
				ASSETCATALOG_COMPILER_APPICON_NAME = AppIcon;
				ASSETCATALOG_COMPILER_GLOBAL_ACCENT_COLOR_NAME = AccentColor;
				CODE_SIGN_STYLE = Automatic;
				CURRENT_PROJECT_VERSION = 1;
				DEVELOPMENT_TEAM = LGA2S6B39V;
				GENERATE_INFOPLIST_FILE = YES;
				INFOPLIST_FILE = AlcoTracker/Info.plist;
				INFOPLIST_KEY_UIApplicationSupportsIndirectInputEvents = YES;
				INFOPLIST_KEY_UILaunchStoryboardName = LaunchScreen;
				INFOPLIST_KEY_UISupportedInterfaceOrientations_iPad = "UIInterfaceOrientationPortrait UIInterfaceOrientationPortraitUpsideDown UIInterfaceOrientationLandscapeLeft UIInterfaceOrientationLandscapeRight";
				INFOPLIST_KEY_UISupportedInterfaceOrientations_iPhone = "UIInterfaceOrientationPortrait UIInterfaceOrientationLandscapeLeft UIInterfaceOrientationLandscapeRight";
				LD_RUNPATH_SEARCH_PATHS = (
					"$(inherited)",
					"@executable_path/Frameworks",
				);
				MARKETING_VERSION = 1.0;
				PRODUCT_BUNDLE_IDENTIFIER = com.bej.AlcoTracker;
				PRODUCT_NAME = "$(TARGET_NAME)";
				SWIFT_EMIT_LOC_STRINGS = YES;
				SWIFT_VERSION = 5.0;
				TARGETED_DEVICE_FAMILY = "1,2";
			};
			name = Release;
		};
		E782914B2AA3750800AE9BEE /* Debug */ = {
			isa = XCBuildConfiguration;
			baseConfigurationReference = FC9AC9D2478C9890C09EBA7D /* Pods-AlcoTrackerTests.debug.xcconfig */;
			buildSettings = {
				ALWAYS_EMBED_SWIFT_STANDARD_LIBRARIES = YES;
				BUNDLE_LOADER = "$(TEST_HOST)";
				CODE_SIGN_STYLE = Automatic;
				CURRENT_PROJECT_VERSION = 1;
				DEVELOPMENT_TEAM = LGA2S6B39V;
				GENERATE_INFOPLIST_FILE = YES;
				IPHONEOS_DEPLOYMENT_TARGET = 16.4;
				MARKETING_VERSION = 1.0;
				PRODUCT_BUNDLE_IDENTIFIER = com.bej.AlcoTrackerTests;
				PRODUCT_NAME = "$(TARGET_NAME)";
				SWIFT_EMIT_LOC_STRINGS = NO;
				SWIFT_VERSION = 5.0;
				TARGETED_DEVICE_FAMILY = "1,2";
				TEST_HOST = "$(BUILT_PRODUCTS_DIR)/AlcoTracker.app/$(BUNDLE_EXECUTABLE_FOLDER_PATH)/AlcoTracker";
			};
			name = Debug;
		};
		E782914C2AA3750800AE9BEE /* Release */ = {
			isa = XCBuildConfiguration;
			baseConfigurationReference = 7D592782196B9B1A0F77D552 /* Pods-AlcoTrackerTests.release.xcconfig */;
			buildSettings = {
				ALWAYS_EMBED_SWIFT_STANDARD_LIBRARIES = YES;
				BUNDLE_LOADER = "$(TEST_HOST)";
				CODE_SIGN_STYLE = Automatic;
				CURRENT_PROJECT_VERSION = 1;
				DEVELOPMENT_TEAM = LGA2S6B39V;
				GENERATE_INFOPLIST_FILE = YES;
				IPHONEOS_DEPLOYMENT_TARGET = 16.4;
				MARKETING_VERSION = 1.0;
				PRODUCT_BUNDLE_IDENTIFIER = com.bej.AlcoTrackerTests;
				PRODUCT_NAME = "$(TARGET_NAME)";
				SWIFT_EMIT_LOC_STRINGS = NO;
				SWIFT_VERSION = 5.0;
				TARGETED_DEVICE_FAMILY = "1,2";
				TEST_HOST = "$(BUILT_PRODUCTS_DIR)/AlcoTracker.app/$(BUNDLE_EXECUTABLE_FOLDER_PATH)/AlcoTracker";
			};
			name = Release;
		};
		E782914E2AA3750800AE9BEE /* Debug */ = {
			isa = XCBuildConfiguration;
			baseConfigurationReference = 286146D5726B2BD5C7EB1A5D /* Pods-AlcoTracker-AlcoTrackerUITests.debug.xcconfig */;
			buildSettings = {
				ALWAYS_EMBED_SWIFT_STANDARD_LIBRARIES = YES;
				CODE_SIGN_STYLE = Automatic;
				CURRENT_PROJECT_VERSION = 1;
				DEVELOPMENT_TEAM = LGA2S6B39V;
				GENERATE_INFOPLIST_FILE = YES;
				MARKETING_VERSION = 1.0;
				PRODUCT_BUNDLE_IDENTIFIER = com.bej.AlcoTrackerUITests;
				PRODUCT_NAME = "$(TARGET_NAME)";
				SWIFT_EMIT_LOC_STRINGS = NO;
				SWIFT_VERSION = 5.0;
				TARGETED_DEVICE_FAMILY = "1,2";
				TEST_TARGET_NAME = AlcoTracker;
			};
			name = Debug;
		};
		E782914F2AA3750800AE9BEE /* Release */ = {
			isa = XCBuildConfiguration;
			baseConfigurationReference = BD4FD62F839173429471CDA6 /* Pods-AlcoTracker-AlcoTrackerUITests.release.xcconfig */;
			buildSettings = {
				ALWAYS_EMBED_SWIFT_STANDARD_LIBRARIES = YES;
				CODE_SIGN_STYLE = Automatic;
				CURRENT_PROJECT_VERSION = 1;
				DEVELOPMENT_TEAM = LGA2S6B39V;
				GENERATE_INFOPLIST_FILE = YES;
				MARKETING_VERSION = 1.0;
				PRODUCT_BUNDLE_IDENTIFIER = com.bej.AlcoTrackerUITests;
				PRODUCT_NAME = "$(TARGET_NAME)";
				SWIFT_EMIT_LOC_STRINGS = NO;
				SWIFT_VERSION = 5.0;
				TARGETED_DEVICE_FAMILY = "1,2";
				TEST_TARGET_NAME = AlcoTracker;
			};
			name = Release;
		};
/* End XCBuildConfiguration section */

/* Begin XCConfigurationList section */
		E78291182AA3750700AE9BEE /* Build configuration list for PBXProject "AlcoTracker" */ = {
			isa = XCConfigurationList;
			buildConfigurations = (
				E78291452AA3750800AE9BEE /* Debug */,
				E78291462AA3750800AE9BEE /* Release */,
			);
			defaultConfigurationIsVisible = 0;
			defaultConfigurationName = Release;
		};
		E78291472AA3750800AE9BEE /* Build configuration list for PBXNativeTarget "AlcoTracker" */ = {
			isa = XCConfigurationList;
			buildConfigurations = (
				E78291482AA3750800AE9BEE /* Debug */,
				E78291492AA3750800AE9BEE /* Release */,
			);
			defaultConfigurationIsVisible = 0;
			defaultConfigurationName = Release;
		};
		E782914A2AA3750800AE9BEE /* Build configuration list for PBXNativeTarget "AlcoTrackerTests" */ = {
			isa = XCConfigurationList;
			buildConfigurations = (
				E782914B2AA3750800AE9BEE /* Debug */,
				E782914C2AA3750800AE9BEE /* Release */,
			);
			defaultConfigurationIsVisible = 0;
			defaultConfigurationName = Release;
		};
		E782914D2AA3750800AE9BEE /* Build configuration list for PBXNativeTarget "AlcoTrackerUITests" */ = {
			isa = XCConfigurationList;
			buildConfigurations = (
				E782914E2AA3750800AE9BEE /* Debug */,
				E782914F2AA3750800AE9BEE /* Release */,
			);
			defaultConfigurationIsVisible = 0;
			defaultConfigurationName = Release;
		};
/* End XCConfigurationList section */
	};
	rootObject = E78291152AA3750700AE9BEE /* Project object */;
}
